// !$*UTF8*$!
{
	archiveVersion = 1;
	classes = {
	};
	objectVersion = 46;
	objects = {

/* Begin PBXBuildFile section */
		F121D0B91CAF1B2600B26657 /* AppDelegate.swift in Sources */ = {isa = PBXBuildFile; fileRef = F121D0B81CAF1B2600B26657 /* AppDelegate.swift */; };
		F121D0BE1CAF1B2600B26657 /* Main.storyboard in Resources */ = {isa = PBXBuildFile; fileRef = F121D0BC1CAF1B2600B26657 /* Main.storyboard */; };
		F121D0C01CAF1B2600B26657 /* Assets.xcassets in Resources */ = {isa = PBXBuildFile; fileRef = F121D0BF1CAF1B2600B26657 /* Assets.xcassets */; };
		F121D0C31CAF1B2600B26657 /* LaunchScreen.storyboard in Resources */ = {isa = PBXBuildFile; fileRef = F121D0C11CAF1B2600B26657 /* LaunchScreen.storyboard */; };
		F121D0CC1CAF1BED00B26657 /* Int+Random.swift in Sources */ = {isa = PBXBuildFile; fileRef = F121D0CB1CAF1BED00B26657 /* Int+Random.swift */; };
		F121D0CE1CAF1C0600B26657 /* ViewController.swift in Sources */ = {isa = PBXBuildFile; fileRef = F121D0CD1CAF1C0600B26657 /* ViewController.swift */; };
/* End PBXBuildFile section */

/* Begin PBXFileReference section */
		F121D0B51CAF1B2600B26657 /* EjercicioClase8.app */ = {isa = PBXFileReference; explicitFileType = wrapper.application; includeInIndex = 0; path = EjercicioClase8.app; sourceTree = BUILT_PRODUCTS_DIR; };
		F121D0B81CAF1B2600B26657 /* AppDelegate.swift */ = {isa = PBXFileReference; lastKnownFileType = sourcecode.swift; path = AppDelegate.swift; sourceTree = "<group>"; };
		F121D0BD1CAF1B2600B26657 /* Base */ = {isa = PBXFileReference; lastKnownFileType = file.storyboard; name = Base; path = Base.lproj/Main.storyboard; sourceTree = "<group>"; };
		F121D0BF1CAF1B2600B26657 /* Assets.xcassets */ = {isa = PBXFileReference; lastKnownFileType = folder.assetcatalog; path = Assets.xcassets; sourceTree = "<group>"; };
		F121D0C21CAF1B2600B26657 /* Base */ = {isa = PBXFileReference; lastKnownFileType = file.storyboard; name = Base; path = Base.lproj/LaunchScreen.storyboard; sourceTree = "<group>"; };
		F121D0C41CAF1B2600B26657 /* Info.plist */ = {isa = PBXFileReference; lastKnownFileType = text.plist.xml; path = Info.plist; sourceTree = "<group>"; };
		F121D0CB1CAF1BED00B26657 /* Int+Random.swift */ = {isa = PBXFileReference; fileEncoding = 4; lastKnownFileType = sourcecode.swift; name = "Int+Random.swift"; path = "Classes/Int+Random.swift"; sourceTree = "<group>"; };
		F121D0CD1CAF1C0600B26657 /* ViewController.swift */ = {isa = PBXFileReference; fileEncoding = 4; lastKnownFileType = sourcecode.swift; name = ViewController.swift; path = Classes/ViewController.swift; sourceTree = "<group>"; };
/* End PBXFileReference section */

/* Begin PBXFrameworksBuildPhase section */
		F121D0B21CAF1B2600B26657 /* Frameworks */ = {
			isa = PBXFrameworksBuildPhase;
			buildActionMask = 2147483647;
			files = (
			);
			runOnlyForDeploymentPostprocessing = 0;
		};
/* End PBXFrameworksBuildPhase section */

/* Begin PBXGroup section */
		F121D0AC1CAF1B2600B26657 = {
			isa = PBXGroup;
			children = (
				F121D0B71CAF1B2600B26657 /* EjercicioClase8 */,
				F121D0B61CAF1B2600B26657 /* Products */,
			);
			sourceTree = "<group>";
		};
		F121D0B61CAF1B2600B26657 /* Products */ = {
			isa = PBXGroup;
			children = (
				F121D0B51CAF1B2600B26657 /* EjercicioClase8.app */,
			);
			name = Products;
			sourceTree = "<group>";
		};
		F121D0B71CAF1B2600B26657 /* EjercicioClase8 */ = {
			isa = PBXGroup;
			children = (
				F121D0CA1CAF1BDD00B26657 /* Utils */,
				F121D0B81CAF1B2600B26657 /* AppDelegate.swift */,
				F121D0CD1CAF1C0600B26657 /* ViewController.swift */,
				F121D0BC1CAF1B2600B26657 /* Main.storyboard */,
				F121D0BF1CAF1B2600B26657 /* Assets.xcassets */,
				F121D0C11CAF1B2600B26657 /* LaunchScreen.storyboard */,
				F121D0C41CAF1B2600B26657 /* Info.plist */,
			);
			path = EjercicioClase8;
			sourceTree = "<group>";
		};
		F121D0CA1CAF1BDD00B26657 /* Utils */ = {
			isa = PBXGroup;
			children = (
				F121D0CB1CAF1BED00B26657 /* Int+Random.swift */,
			);
			name = Utils;
			sourceTree = "<group>";
		};
/* End PBXGroup section */

/* Begin PBXNativeTarget section */
		F121D0B41CAF1B2600B26657 /* EjercicioClase8 */ = {
			isa = PBXNativeTarget;
			buildConfigurationList = F121D0C71CAF1B2600B26657 /* Build configuration list for PBXNativeTarget "EjercicioClase8" */;
			buildPhases = (
				F121D0B11CAF1B2600B26657 /* Sources */,
				F121D0B21CAF1B2600B26657 /* Frameworks */,
				F121D0B31CAF1B2600B26657 /* Resources */,
			);
			buildRules = (
			);
			dependencies = (
			);
			name = EjercicioClase8;
			productName = EjercicioClase8;
			productReference = F121D0B51CAF1B2600B26657 /* EjercicioClase8.app */;
			productType = "com.apple.product-type.application";
		};
/* End PBXNativeTarget section */

/* Begin PBXProject section */
		F121D0AD1CAF1B2600B26657 /* Project object */ = {
			isa = PBXProject;
			attributes = {
				LastSwiftUpdateCheck = 0730;
				LastUpgradeCheck = 0730;
				TargetAttributes = {
					F121D0B41CAF1B2600B26657 = {
						CreatedOnToolsVersion = 7.3;
					};
				};
			};
			buildConfigurationList = F121D0B01CAF1B2600B26657 /* Build configuration list for PBXProject "EjercicioClase8" */;
			compatibilityVersion = "Xcode 3.2";
			developmentRegion = English;
			hasScannedForEncodings = 0;
			knownRegions = (
				en,
				Base,
			);
			mainGroup = F121D0AC1CAF1B2600B26657;
			productRefGroup = F121D0B61CAF1B2600B26657 /* Products */;
			projectDirPath = "";
			projectRoot = "";
			targets = (
				F121D0B41CAF1B2600B26657 /* EjercicioClase8 */,
			);
		};
/* End PBXProject section */

/* Begin PBXResourcesBuildPhase section */
		F121D0B31CAF1B2600B26657 /* Resources */ = {
			isa = PBXResourcesBuildPhase;
			buildActionMask = 2147483647;
			files = (
				F121D0C31CAF1B2600B26657 /* LaunchScreen.storyboard in Resources */,
				F121D0C01CAF1B2600B26657 /* Assets.xcassets in Resources */,
				F121D0BE1CAF1B2600B26657 /* Main.storyboard in Resources */,
			);
			runOnlyForDeploymentPostprocessing = 0;
		};
/* End PBXResourcesBuildPhase section */

/* Begin PBXSourcesBuildPhase section */
		F121D0B11CAF1B2600B26657 /* Sources */ = {
			isa = PBXSourcesBuildPhase;
			buildActionMask = 2147483647;
			files = (
				F121D0CE1CAF1C0600B26657 /* ViewController.swift in Sources */,
				F121D0CC1CAF1BED00B26657 /* Int+Random.swift in Sources */,
				F121D0B91CAF1B2600B26657 /* AppDelegate.swift in Sources */,
			);
			runOnlyForDeploymentPostprocessing = 0;
		};
/* End PBXSourcesBuildPhase section */

/* Begin PBXVariantGroup section */
		F121D0BC1CAF1B2600B26657 /* Main.storyboard */ = {
			isa = PBXVariantGroup;
			children = (
				F121D0BD1CAF1B2600B26657 /* Base */,
			);
			name = Main.storyboard;
			sourceTree = "<group>";
		};
		F121D0C11CAF1B2600B26657 /* LaunchScreen.storyboard */ = {
			isa = PBXVariantGroup;
			children = (
				F121D0C21CAF1B2600B26657 /* Base */,
			);
			name = LaunchScreen.storyboard;
			sourceTree = "<group>";
		};
/* End PBXVariantGroup section */

/* Begin XCBuildConfiguration section */
		F121D0C51CAF1B2600B26657 /* Debug */ = {
			isa = XCBuildConfiguration;
			buildSettings = {
				ALWAYS_SEARCH_USER_PATHS = NO;
				CLANG_ANALYZER_NONNULL = YES;
				CLANG_CXX_LANGUAGE_STANDARD = "gnu++0x";
				CLANG_CXX_LIBRARY = "libc++";
				CLANG_ENABLE_MODULES = YES;
				CLANG_ENABLE_OBJC_ARC = YES;
				CLANG_WARN_BOOL_CONVERSION = YES;
				CLANG_WARN_CONSTANT_CONVERSION = YES;
				CLANG_WARN_DIRECT_OBJC_ISA_USAGE = YES_ERROR;
				CLANG_WARN_EMPTY_BODY = YES;
				CLANG_WARN_ENUM_CONVERSION = YES;
				CLANG_WARN_INT_CONVERSION = YES;
				CLANG_WARN_OBJC_ROOT_CLASS = YES_ERROR;
				CLANG_WARN_UNREACHABLE_CODE = YES;
				CLANG_WARN__DUPLICATE_METHOD_MATCH = YES;
				"CODE_SIGN_IDENTITY[sdk=iphoneos*]" = "iPhone Developer";
				COPY_PHASE_STRIP = NO;
				DEBUG_INFORMATION_FORMAT = dwarf;
				ENABLE_STRICT_OBJC_MSGSEND = YES;
				ENABLE_TESTABILITY = YES;
				GCC_C_LANGUAGE_STANDARD = gnu99;
				GCC_DYNAMIC_NO_PIC = NO;
				GCC_NO_COMMON_BLOCKS = YES;
				GCC_OPTIMIZATION_LEVEL = 0;
				GCC_PREPROCESSOR_DEFINITIONS = (
					"DEBUG=1",
					"$(inherited)",
				);
				GCC_WARN_64_TO_32_BIT_CONVERSION = YES;
				GCC_WARN_ABOUT_RETURN_TYPE = YES_ERROR;
				GCC_WARN_UNDECLARED_SELECTOR = YES;
				GCC_WARN_UNINITIALIZED_AUTOS = YES_AGGRESSIVE;
				GCC_WARN_UNUSED_FUNCTION = YES;
				GCC_WARN_UNUSED_VARIABLE = YES;
				IPHONEOS_DEPLOYMENT_TARGET = 9.3;
				MTL_ENABLE_DEBUG_INFO = YES;
				ONLY_ACTIVE_ARCH = YES;
				SDKROOT = iphoneos;
				SWIFT_OPTIMIZATION_LEVEL = "-Onone";
			};
			name = Debug;
		};
		F121D0C61CAF1B2600B26657 /* Release */ = {
			isa = XCBuildConfiguration;
			buildSettings = {
				ALWAYS_SEARCH_USER_PATHS = NO;
				CLANG_ANALYZER_NONNULL = YES;
				CLANG_CXX_LANGUAGE_STANDARD = "gnu++0x";
				CLANG_CXX_LIBRARY = "libc++";
				CLANG_ENABLE_MODULES = YES;
				CLANG_ENABLE_OBJC_ARC = YES;
				CLANG_WARN_BOOL_CONVERSION = YES;
				CLANG_WARN_CONSTANT_CONVERSION = YES;
				CLANG_WARN_DIRECT_OBJC_ISA_USAGE = YES_ERROR;
				CLANG_WARN_EMPTY_BODY = YES;
				CLANG_WARN_ENUM_CONVERSION = YES;
				CLANG_WARN_INT_CONVERSION = YES;
				CLANG_WARN_OBJC_ROOT_CLASS = YES_ERROR;
				CLANG_WARN_UNREACHABLE_CODE = YES;
				CLANG_WARN__DUPLICATE_METHOD_MATCH = YES;
				"CODE_SIGN_IDENTITY[sdk=iphoneos*]" = "iPhone Developer";
				COPY_PHASE_STRIP = NO;
				DEBUG_INFORMATION_FORMAT = "dwarf-with-dsym";
				ENABLE_NS_ASSERTIONS = NO;
				ENABLE_STRICT_OBJC_MSGSEND = YES;
				GCC_C_LANGUAGE_STANDARD = gnu99;
				GCC_NO_COMMON_BLOCKS = YES;
				GCC_WARN_64_TO_32_BIT_CONVERSION = YES;
				GCC_WARN_ABOUT_RETURN_TYPE = YES_ERROR;
				GCC_WARN_UNDECLARED_SELECTOR = YES;
				GCC_WARN_UNINITIALIZED_AUTOS = YES_AGGRESSIVE;
				GCC_WARN_UNUSED_FUNCTION = YES;
				GCC_WARN_UNUSED_VARIABLE = YES;
				IPHONEOS_DEPLOYMENT_TARGET = 9.3;
				MTL_ENABLE_DEBUG_INFO = NO;
				SDKROOT = iphoneos;
				VALIDATE_PRODUCT = YES;
			};
			name = Release;
		};
		F121D0C81CAF1B2600B26657 /* Debug */ = {
			isa = XCBuildConfiguration;
			buildSettings = {
				ASSETCATALOG_COMPILER_APPICON_NAME = AppIcon;
				INFOPLIST_FILE = EjercicioClase8/Info.plist;
				LD_RUNPATH_SEARCH_PATHS = "$(inherited) @executable_path/Frameworks";
				PRODUCT_BUNDLE_IDENTIFIER = com.ucu2016.EjercicioClase8;
				PRODUCT_NAME = "$(TARGET_NAME)";
			};
			name = Debug;
		};
		F121D0C91CAF1B2600B26657 /* Release */ = {
			isa = XCBuildConfiguration;
			buildSettings = {
				ASSETCATALOG_COMPILER_APPICON_NAME = AppIcon;
				INFOPLIST_FILE = EjercicioClase8/Info.plist;
				LD_RUNPATH_SEARCH_PATHS = "$(inherited) @executable_path/Frameworks";
				PRODUCT_BUNDLE_IDENTIFIER = com.ucu2016.EjercicioClase8;
				PRODUCT_NAME = "$(TARGET_NAME)";
			};
			name = Release;
		};
/* End XCBuildConfiguration section */

/* Begin XCConfigurationList section */
		F121D0B01CAF1B2600B26657 /* Build configuration list for PBXProject "EjercicioClase8" */ = {
			isa = XCConfigurationList;
			buildConfigurations = (
				F121D0C51CAF1B2600B26657 /* Debug */,
				F121D0C61CAF1B2600B26657 /* Release */,
			);
			defaultConfigurationIsVisible = 0;
			defaultConfigurationName = Release;
		};
		F121D0C71CAF1B2600B26657 /* Build configuration list for PBXNativeTarget "EjercicioClase8" */ = {
			isa = XCConfigurationList;
			buildConfigurations = (
				F121D0C81CAF1B2600B26657 /* Debug */,
				F121D0C91CAF1B2600B26657 /* Release */,
			);
			defaultConfigurationIsVisible = 0;
		};
/* End XCConfigurationList section */
	};
	rootObject = F121D0AD1CAF1B2600B26657 /* Project object */;
}
